
Microsoft Visual Studio Solution File, Format Version 12.00
# Visual Studio 14
VisualStudioVersion = 14.0.25420.1
MinimumVisualStudioVersion = 10.0.40219.1
Project("{2150E333-8FDC-42A3-9474-1A3956D46DE8}") = "src", "src", "{1BD4F040-38B7-4A0A-A125-EEF670BC4C9F}"
EndProject
Project("{2150E333-8FDC-42A3-9474-1A3956D46DE8}") = "Solution Items", "Solution Items", "{F3FB0401-8C0E-41CB-9AB5-4B58BCD3F1C0}"
	ProjectSection(SolutionItems) = preProject
		global.json = global.json
	EndProjectSection
EndProject
Project("{8BB2217D-0F2D-49D1-97BC-3654ED321F3B}") = "EventManager3", "src\EventManager3\EventManager3.xproj", "{7903552E-7A87-4D15-9CFC-481FCEC21120}"
EndProject
Global
	GlobalSection(SolutionConfigurationPlatforms) = preSolution
		Debug|Any CPU = Debug|Any CPU
		Release|Any CPU = Release|Any CPU
	EndGlobalSection
	GlobalSection(ProjectConfigurationPlatforms) = postSolution
		{7903552E-7A87-4D15-9CFC-481FCEC21120}.Debug|Any CPU.ActiveCfg = Debug|Any CPU
		{7903552E-7A87-4D15-9CFC-481FCEC21120}.Debug|Any CPU.Build.0 = Debug|Any CPU
		{7903552E-7A87-4D15-9CFC-481FCEC21120}.Release|Any CPU.ActiveCfg = Release|Any CPU
		{7903552E-7A87-4D15-9CFC-481FCEC21120}.Release|Any CPU.Build.0 = Release|Any CPU
	EndGlobalSection
	GlobalSection(SolutionProperties) = preSolution
		HideSolutionNode = FALSE
	EndGlobalSection
	GlobalSection(NestedProjects) = preSolution
		{7903552E-7A87-4D15-9CFC-481FCEC21120} = {1BD4F040-38B7-4A0A-A125-EEF670BC4C9F}
	EndGlobalSection
EndGlobal
